
Microsoft Visual Studio Solution File, Format Version 12.00
# Visual Studio Version 16
VisualStudioVersion = 16.0.29911.84
MinimumVisualStudioVersion = 10.0.40219.1
Project("{FAE04EC0-301F-11D3-BF4B-00C04F79EFBC}") = "CodingQuestions", "CodingQuestions.csproj", "{D36F1722-6BB7-4BC2-BFC1-FD86D68C7DD5}"
EndProject
Global
	GlobalSection(SolutionConfigurationPlatforms) = preSolution
		Debug|Any CPU = Debug|Any CPU
		Release|Any CPU = Release|Any CPU
	EndGlobalSection
	GlobalSection(ProjectConfigurationPlatforms) = postSolution
		{D36F1722-6BB7-4BC2-BFC1-FD86D68C7DD5}.Debug|Any CPU.ActiveCfg = Debug|Any CPU
		{D36F1722-6BB7-4BC2-BFC1-FD86D68C7DD5}.Debug|Any CPU.Build.0 = Debug|Any CPU
		{D36F1722-6BB7-4BC2-BFC1-FD86D68C7DD5}.Release|Any CPU.ActiveCfg = Release|Any CPU
		{D36F1722-6BB7-4BC2-BFC1-FD86D68C7DD5}.Release|Any CPU.Build.0 = Release|Any CPU
	EndGlobalSection
	GlobalSection(SolutionProperties) = preSolution
		HideSolutionNode = FALSE
	EndGlobalSection
	GlobalSection(ExtensibilityGlobals) = postSolution
		SolutionGuid = {86B797CB-6BDC-4B31-933F-F0657D5C4635}
	EndGlobalSection
EndGlobal
